
Microsoft Visual Studio Solution File, Format Version 12.00
# Visual Studio 14
VisualStudioVersion = 14.0.25420.1
MinimumVisualStudioVersion = 10.0.40219.1
Project("{FAE04EC0-301F-11D3-BF4B-00C04F79EFBC}") = "TypeDocEx2", "TypeDocEx2\TypeDocEx2.csproj", "{FA7080A8-782D-4A95-927F-D43C2A942064}"
EndProject
Global
	GlobalSection(SolutionConfigurationPlatforms) = preSolution
		Debug|Any CPU = Debug|Any CPU
		Release|Any CPU = Release|Any CPU
	EndGlobalSection
	GlobalSection(ProjectConfigurationPlatforms) = postSolution
		{FA7080A8-782D-4A95-927F-D43C2A942064}.Debug|Any CPU.ActiveCfg = Debug|Any CPU
		{FA7080A8-782D-4A95-927F-D43C2A942064}.Debug|Any CPU.Build.0 = Debug|Any CPU
		{FA7080A8-782D-4A95-927F-D43C2A942064}.Release|Any CPU.ActiveCfg = Release|Any CPU
		{FA7080A8-782D-4A95-927F-D43C2A942064}.Release|Any CPU.Build.0 = Release|Any CPU
	EndGlobalSection
	GlobalSection(SolutionProperties) = preSolution
		HideSolutionNode = FALSE
	EndGlobalSection
EndGlobal
